{
    "version": 3,
    "terraform_version": "0.9.2",
    "serial": 33,
    "lineage": "9f5b8faa-82d5-458c-8052-4ad3a1a381b2",
    "modules": [
        {
            "path": [
                "root"
            ],
            "outputs": {
                "hana_floating_ip": {
                    "sensitive": false,
                    "type": "string",
                    "value": "10.47.3.122"
                },
                "hana_instance_name": {
                    "sensitive": false,
                    "type": "string",
                    "value": "demo-hana-single"
                },
                "hana_version": {
                    "sensitive": false,
                    "type": "string",
                    "value": "hana-single"
                }
            },
            "resources": {
                "null_resource.db": {
                    "type": "null_resource",
                    "depends_on": [
                        "openstack_compute_instance_v2.db_instance",
                        "openstack_compute_instance_v2.db_instance",
                        "openstack_compute_instance_v2.db_instance",
                        "openstack_compute_instance_v2.db_instance",
                        "openstack_networking_floatingip_v2.db_ip",
                        "openstack_networking_floatingip_v2.db_ip",
                        "openstack_networking_floatingip_v2.db_ip",
                        "openstack_networking_floatingip_v2.db_ip",
                        "openstack_networking_floatingip_v2.db_ip"
                    ],
                    "primary": {
                        "id": "531688945395907313",
                        "attributes": {
                            "id": "531688945395907313",
                            "triggers.%": "1",
                            "triggers.db_instance_id": "8dddf0f2-db50-4fbb-99c8-7e308663742b"
                        },
                        "meta": {},
                        "tainted": false
                    },
                    "deposed": [],
                    "provider": ""
                },
                "openstack_blockstorage_volume_v2.vol_hana": {
                    "type": "openstack_blockstorage_volume_v2",
                    "depends_on": [],
                    "primary": {
                        "id": "9b398378-94f5-43e8-91f8-116753f79291",
                        "attributes": {
                            "attachment.#": "1",
                            "attachment.652372689.device": "/dev/sdc",
                            "attachment.652372689.id": "9b398378-94f5-43e8-91f8-116753f79291",
                            "attachment.652372689.instance_id": "8dddf0f2-db50-4fbb-99c8-7e308663742b",
                            "availability_zone": "eu-de-1a",
                            "description": "Volume for Hana_DB",
                            "id": "9b398378-94f5-43e8-91f8-116753f79291",
                            "metadata.%": "2",
                            "metadata.attached_mode": "rw",
                            "metadata.readonly": "False",
                            "name": "vol_db",
                            "region": "eu-de-1",
                            "size": "100",
                            "snapshot_id": "",
                            "source_vol_id": "",
                            "volume_type": "vmware"
                        },
                        "meta": {
                            "e2bfb730-ecaa-11e6-8f88-34363bc7c4c0": {
                                "create": 600000000000,
                                "delete": 600000000000
                            }
                        },
                        "tainted": false
                    },
                    "deposed": [],
                    "provider": ""
                },
                "openstack_compute_instance_v2.db_instance": {
                    "type": "openstack_compute_instance_v2",
                    "depends_on": [
                        "openstack_blockstorage_volume_v2.vol_hana",
                        "openstack_networking_floatingip_v2.db_ip"
                    ],
                    "primary": {
                        "id": "8dddf0f2-db50-4fbb-99c8-7e308663742b",
                        "attributes": {
                            "access_ip_v4": "10.47.3.122",
                            "access_ip_v6": "",
                            "all_metadata.%": "0",
                            "availability_zone": "eu-de-1a",
                            "flavor_id": "60",
                            "flavor_name": "m1.2xlarge",
                            "force_delete": "false",
                            "id": "8dddf0f2-db50-4fbb-99c8-7e308663742b",
                            "image_id": "e7e97548-db64-40a6-beb2-4080d8272030",
                            "image_name": "sles-12-sp1-amd64-vmware-build115",
                            "key_pair": "Idan-Pub2",
                            "name": "demo-hana-single",
                            "network.#": "1",
                            "network.0.access_network": "true",
                            "network.0.fixed_ip_v4": "10.180.2.96",
                            "network.0.fixed_ip_v6": "",
                            "network.0.floating_ip": "10.47.3.122",
                            "network.0.mac": "fa:16:3e:b5:16:22",
                            "network.0.name": "Private-corp-sap-shared-01",
                            "network.0.port": "",
                            "network.0.uuid": "431361d3-e329-4f1b-9135-2819a3e9c6cd",
                            "region": "eu-de-1",
                            "security_groups.#": "1",
                            "security_groups.3814588639": "default",
                            "stop_before_destroy": "false",
                            "volume.#": "1",
                            "volume.583431598.device": "/dev/sdc",
                            "volume.583431598.id": "9b398378-94f5-43e8-91f8-116753f79291",
                            "volume.583431598.volume_id": "9b398378-94f5-43e8-91f8-116753f79291"
                        },
                        "meta": {
                            "e2bfb730-ecaa-11e6-8f88-34363bc7c4c0": {
                                "create": 1800000000000,
                                "delete": 1800000000000,
                                "update": 1800000000000
                            }
                        },
                        "tainted": false
                    },
                    "deposed": [],
                    "provider": ""
                },
                "openstack_networking_floatingip_v2.db_ip": {
                    "type": "openstack_networking_floatingip_v2",
                    "depends_on": [],
                    "primary": {
                        "id": "f320b607-56a6-419b-8988-af0d280325fc",
                        "attributes": {
                            "address": "10.47.3.122",
                            "fixed_ip": "10.180.2.96",
                            "id": "f320b607-56a6-419b-8988-af0d280325fc",
                            "pool": "FloatingIP-internal-monsoon3",
                            "port_id": "657d910b-3a8a-4552-8d4b-d1750b111d6b",
                            "region": "eu-de-1",
                            "tenant_id": "84e5a94e28854217888ca689ad9f9000"
                        },
                        "meta": {
                            "e2bfb730-ecaa-11e6-8f88-34363bc7c4c0": {
                                "create": 600000000000,
                                "delete": 600000000000
                            }
                        },
                        "tainted": false
                    },
                    "deposed": [],
                    "provider": ""
                }
            },
            "depends_on": []
        }
    ]
}
